
Microsoft Visual Studio Solution File, Format Version 12.00
# Visual Studio 2012
Project("{FAE04EC0-301F-11D3-BF4B-00C04F79EFBC}") = "TestAplication", "TestAplication\TestAplication.csproj", "{C46DA930-6730-4DDF-A97A-947C123C4019}"
EndProject
Project("{FAE04EC0-301F-11D3-BF4B-00C04F79EFBC}") = "TestAplication.Tests", "TestAplication.Tests\TestAplication.Tests.csproj", "{FFFD8919-BF67-4851-8371-7C8F898663E3}"
EndProject
Global
	GlobalSection(SolutionConfigurationPlatforms) = preSolution
		Debug|Any CPU = Debug|Any CPU
		Release|Any CPU = Release|Any CPU
	EndGlobalSection
	GlobalSection(ProjectConfigurationPlatforms) = postSolution
		{C46DA930-6730-4DDF-A97A-947C123C4019}.Debug|Any CPU.ActiveCfg = Debug|Any CPU
		{C46DA930-6730-4DDF-A97A-947C123C4019}.Debug|Any CPU.Build.0 = Debug|Any CPU
		{C46DA930-6730-4DDF-A97A-947C123C4019}.Release|Any CPU.ActiveCfg = Release|Any CPU
		{C46DA930-6730-4DDF-A97A-947C123C4019}.Release|Any CPU.Build.0 = Release|Any CPU
		{FFFD8919-BF67-4851-8371-7C8F898663E3}.Debug|Any CPU.ActiveCfg = Debug|Any CPU
		{FFFD8919-BF67-4851-8371-7C8F898663E3}.Debug|Any CPU.Build.0 = Debug|Any CPU
		{FFFD8919-BF67-4851-8371-7C8F898663E3}.Release|Any CPU.ActiveCfg = Release|Any CPU
		{FFFD8919-BF67-4851-8371-7C8F898663E3}.Release|Any CPU.Build.0 = Release|Any CPU
	EndGlobalSection
	GlobalSection(SolutionProperties) = preSolution
		HideSolutionNode = FALSE
	EndGlobalSection
EndGlobal
